
Microsoft Visual Studio Solution File, Format Version 12.00
# Visual Studio Version 17
VisualStudioVersion = 17.0.31903.59
MinimumVisualStudioVersion = 10.0.40219.1
Project("{FAE04EC0-301F-11D3-BF4B-00C04F79EFBC}") = "aula1", "aula1\aula1.csproj", "{724E177B-F312-4C89-A39C-42544D3DEE49}"
EndProject
Project("{FAE04EC0-301F-11D3-BF4B-00C04F79EFBC}") = "aula2", "aula2\aula2.csproj", "{DB747C86-9F18-4C23-A89B-96B62B1A5D33}"
EndProject
Project("{FAE04EC0-301F-11D3-BF4B-00C04F79EFBC}") = "aula3", "aula3\aula3.csproj", "{FCFB870C-CD1D-4749-BBF0-29D5CE095CD1}"
EndProject
Project("{FAE04EC0-301F-11D3-BF4B-00C04F79EFBC}") = "aula4", "aula4\aula4.csproj", "{F4F68BB8-DE20-466D-A643-8125E0665694}"
EndProject
Project("{FAE04EC0-301F-11D3-BF4B-00C04F79EFBC}") = "aula5", "aula5\aula5.csproj", "{7ADD5D76-D232-4763-9EE6-97367FCA371A}"
EndProject
Project("{FAE04EC0-301F-11D3-BF4B-00C04F79EFBC}") = "aula6", "aula6\aula6.csproj", "{BEC43D47-8754-41BB-B8E2-3CED9B61049B}"
EndProject
Project("{FAE04EC0-301F-11D3-BF4B-00C04F79EFBC}") = "aula7", "aula7\aula7.csproj", "{D036E378-71D9-4518-894F-D00EAF913601}"
EndProject
Global
	GlobalSection(SolutionConfigurationPlatforms) = preSolution
		Debug|Any CPU = Debug|Any CPU
		Debug|x64 = Debug|x64
		Debug|x86 = Debug|x86
		Release|Any CPU = Release|Any CPU
		Release|x64 = Release|x64
		Release|x86 = Release|x86
	EndGlobalSection
	GlobalSection(ProjectConfigurationPlatforms) = postSolution
		{724E177B-F312-4C89-A39C-42544D3DEE49}.Debug|Any CPU.ActiveCfg = Debug|Any CPU
		{724E177B-F312-4C89-A39C-42544D3DEE49}.Debug|Any CPU.Build.0 = Debug|Any CPU
		{724E177B-F312-4C89-A39C-42544D3DEE49}.Debug|x64.ActiveCfg = Debug|Any CPU
		{724E177B-F312-4C89-A39C-42544D3DEE49}.Debug|x64.Build.0 = Debug|Any CPU
		{724E177B-F312-4C89-A39C-42544D3DEE49}.Debug|x86.ActiveCfg = Debug|Any CPU
		{724E177B-F312-4C89-A39C-42544D3DEE49}.Debug|x86.Build.0 = Debug|Any CPU
		{724E177B-F312-4C89-A39C-42544D3DEE49}.Release|Any CPU.ActiveCfg = Release|Any CPU
		{724E177B-F312-4C89-A39C-42544D3DEE49}.Release|Any CPU.Build.0 = Release|Any CPU
		{724E177B-F312-4C89-A39C-42544D3DEE49}.Release|x64.ActiveCfg = Release|Any CPU
		{724E177B-F312-4C89-A39C-42544D3DEE49}.Release|x64.Build.0 = Release|Any CPU
		{724E177B-F312-4C89-A39C-42544D3DEE49}.Release|x86.ActiveCfg = Release|Any CPU
		{724E177B-F312-4C89-A39C-42544D3DEE49}.Release|x86.Build.0 = Release|Any CPU
		{DB747C86-9F18-4C23-A89B-96B62B1A5D33}.Debug|Any CPU.ActiveCfg = Debug|Any CPU
		{DB747C86-9F18-4C23-A89B-96B62B1A5D33}.Debug|Any CPU.Build.0 = Debug|Any CPU
		{DB747C86-9F18-4C23-A89B-96B62B1A5D33}.Debug|x64.ActiveCfg = Debug|Any CPU
		{DB747C86-9F18-4C23-A89B-96B62B1A5D33}.Debug|x64.Build.0 = Debug|Any CPU
		{DB747C86-9F18-4C23-A89B-96B62B1A5D33}.Debug|x86.ActiveCfg = Debug|Any CPU
		{DB747C86-9F18-4C23-A89B-96B62B1A5D33}.Debug|x86.Build.0 = Debug|Any CPU
		{DB747C86-9F18-4C23-A89B-96B62B1A5D33}.Release|Any CPU.ActiveCfg = Release|Any CPU
		{DB747C86-9F18-4C23-A89B-96B62B1A5D33}.Release|Any CPU.Build.0 = Release|Any CPU
		{DB747C86-9F18-4C23-A89B-96B62B1A5D33}.Release|x64.ActiveCfg = Release|Any CPU
		{DB747C86-9F18-4C23-A89B-96B62B1A5D33}.Release|x64.Build.0 = Release|Any CPU
		{DB747C86-9F18-4C23-A89B-96B62B1A5D33}.Release|x86.ActiveCfg = Release|Any CPU
		{DB747C86-9F18-4C23-A89B-96B62B1A5D33}.Release|x86.Build.0 = Release|Any CPU
		{FCFB870C-CD1D-4749-BBF0-29D5CE095CD1}.Debug|Any CPU.ActiveCfg = Debug|Any CPU
		{FCFB870C-CD1D-4749-BBF0-29D5CE095CD1}.Debug|Any CPU.Build.0 = Debug|Any CPU
		{FCFB870C-CD1D-4749-BBF0-29D5CE095CD1}.Debug|x64.ActiveCfg = Debug|Any CPU
		{FCFB870C-CD1D-4749-BBF0-29D5CE095CD1}.Debug|x64.Build.0 = Debug|Any CPU
		{FCFB870C-CD1D-4749-BBF0-29D5CE095CD1}.Debug|x86.ActiveCfg = Debug|Any CPU
		{FCFB870C-CD1D-4749-BBF0-29D5CE095CD1}.Debug|x86.Build.0 = Debug|Any CPU
		{FCFB870C-CD1D-4749-BBF0-29D5CE095CD1}.Release|Any CPU.ActiveCfg = Release|Any CPU
		{FCFB870C-CD1D-4749-BBF0-29D5CE095CD1}.Release|Any CPU.Build.0 = Release|Any CPU
		{FCFB870C-CD1D-4749-BBF0-29D5CE095CD1}.Release|x64.ActiveCfg = Release|Any CPU
		{FCFB870C-CD1D-4749-BBF0-29D5CE095CD1}.Release|x64.Build.0 = Release|Any CPU
		{FCFB870C-CD1D-4749-BBF0-29D5CE095CD1}.Release|x86.ActiveCfg = Release|Any CPU
		{FCFB870C-CD1D-4749-BBF0-29D5CE095CD1}.Release|x86.Build.0 = Release|Any CPU
		{F4F68BB8-DE20-466D-A643-8125E0665694}.Debug|Any CPU.ActiveCfg = Debug|Any CPU
		{F4F68BB8-DE20-466D-A643-8125E0665694}.Debug|Any CPU.Build.0 = Debug|Any CPU
		{F4F68BB8-DE20-466D-A643-8125E0665694}.Debug|x64.ActiveCfg = Debug|Any CPU
		{F4F68BB8-DE20-466D-A643-8125E0665694}.Debug|x64.Build.0 = Debug|Any CPU
		{F4F68BB8-DE20-466D-A643-8125E0665694}.Debug|x86.ActiveCfg = Debug|Any CPU
		{F4F68BB8-DE20-466D-A643-8125E0665694}.Debug|x86.Build.0 = Debug|Any CPU
		{F4F68BB8-DE20-466D-A643-8125E0665694}.Release|Any CPU.ActiveCfg = Release|Any CPU
		{F4F68BB8-DE20-466D-A643-8125E0665694}.Release|Any CPU.Build.0 = Release|Any CPU
		{F4F68BB8-DE20-466D-A643-8125E0665694}.Release|x64.ActiveCfg = Release|Any CPU
		{F4F68BB8-DE20-466D-A643-8125E0665694}.Release|x64.Build.0 = Release|Any CPU
		{F4F68BB8-DE20-466D-A643-8125E0665694}.Release|x86.ActiveCfg = Release|Any CPU
		{F4F68BB8-DE20-466D-A643-8125E0665694}.Release|x86.Build.0 = Release|Any CPU
		{7ADD5D76-D232-4763-9EE6-97367FCA371A}.Debug|Any CPU.ActiveCfg = Debug|Any CPU
		{7ADD5D76-D232-4763-9EE6-97367FCA371A}.Debug|Any CPU.Build.0 = Debug|Any CPU
		{7ADD5D76-D232-4763-9EE6-97367FCA371A}.Debug|x64.ActiveCfg = Debug|Any CPU
		{7ADD5D76-D232-4763-9EE6-97367FCA371A}.Debug|x64.Build.0 = Debug|Any CPU
		{7ADD5D76-D232-4763-9EE6-97367FCA371A}.Debug|x86.ActiveCfg = Debug|Any CPU
		{7ADD5D76-D232-4763-9EE6-97367FCA371A}.Debug|x86.Build.0 = Debug|Any CPU
		{7ADD5D76-D232-4763-9EE6-97367FCA371A}.Release|Any CPU.ActiveCfg = Release|Any CPU
		{7ADD5D76-D232-4763-9EE6-97367FCA371A}.Release|Any CPU.Build.0 = Release|Any CPU
		{7ADD5D76-D232-4763-9EE6-97367FCA371A}.Release|x64.ActiveCfg = Release|Any CPU
		{7ADD5D76-D232-4763-9EE6-97367FCA371A}.Release|x64.Build.0 = Release|Any CPU
		{7ADD5D76-D232-4763-9EE6-97367FCA371A}.Release|x86.ActiveCfg = Release|Any CPU
		{7ADD5D76-D232-4763-9EE6-97367FCA371A}.Release|x86.Build.0 = Release|Any CPU
		{BEC43D47-8754-41BB-B8E2-3CED9B61049B}.Debug|Any CPU.ActiveCfg = Debug|Any CPU
		{BEC43D47-8754-41BB-B8E2-3CED9B61049B}.Debug|Any CPU.Build.0 = Debug|Any CPU
		{BEC43D47-8754-41BB-B8E2-3CED9B61049B}.Debug|x64.ActiveCfg = Debug|Any CPU
		{BEC43D47-8754-41BB-B8E2-3CED9B61049B}.Debug|x64.Build.0 = Debug|Any CPU
		{BEC43D47-8754-41BB-B8E2-3CED9B61049B}.Debug|x86.ActiveCfg = Debug|Any CPU
		{BEC43D47-8754-41BB-B8E2-3CED9B61049B}.Debug|x86.Build.0 = Debug|Any CPU
		{BEC43D47-8754-41BB-B8E2-3CED9B61049B}.Release|Any CPU.ActiveCfg = Release|Any CPU
		{BEC43D47-8754-41BB-B8E2-3CED9B61049B}.Release|Any CPU.Build.0 = Release|Any CPU
		{BEC43D47-8754-41BB-B8E2-3CED9B61049B}.Release|x64.ActiveCfg = Release|Any CPU
		{BEC43D47-8754-41BB-B8E2-3CED9B61049B}.Release|x64.Build.0 = Release|Any CPU
		{BEC43D47-8754-41BB-B8E2-3CED9B61049B}.Release|x86.ActiveCfg = Release|Any CPU
		{BEC43D47-8754-41BB-B8E2-3CED9B61049B}.Release|x86.Build.0 = Release|Any CPU
		{D036E378-71D9-4518-894F-D00EAF913601}.Debug|Any CPU.ActiveCfg = Debug|Any CPU
		{D036E378-71D9-4518-894F-D00EAF913601}.Debug|Any CPU.Build.0 = Debug|Any CPU
		{D036E378-71D9-4518-894F-D00EAF913601}.Debug|x64.ActiveCfg = Debug|Any CPU
		{D036E378-71D9-4518-894F-D00EAF913601}.Debug|x64.Build.0 = Debug|Any CPU
		{D036E378-71D9-4518-894F-D00EAF913601}.Debug|x86.ActiveCfg = Debug|Any CPU
		{D036E378-71D9-4518-894F-D00EAF913601}.Debug|x86.Build.0 = Debug|Any CPU
		{D036E378-71D9-4518-894F-D00EAF913601}.Release|Any CPU.ActiveCfg = Release|Any CPU
		{D036E378-71D9-4518-894F-D00EAF913601}.Release|Any CPU.Build.0 = Release|Any CPU
		{D036E378-71D9-4518-894F-D00EAF913601}.Release|x64.ActiveCfg = Release|Any CPU
		{D036E378-71D9-4518-894F-D00EAF913601}.Release|x64.Build.0 = Release|Any CPU
		{D036E378-71D9-4518-894F-D00EAF913601}.Release|x86.ActiveCfg = Release|Any CPU
		{D036E378-71D9-4518-894F-D00EAF913601}.Release|x86.Build.0 = Release|Any CPU
	EndGlobalSection
	GlobalSection(SolutionProperties) = preSolution
		HideSolutionNode = FALSE
	EndGlobalSection
EndGlobal
