
Microsoft Visual Studio Solution File, Format Version 12.00
# Visual Studio Version 17
VisualStudioVersion = 17.0.31903.59
MinimumVisualStudioVersion = 10.0.40219.1
Project("{FAE04EC0-301F-11D3-BF4B-00C04F79EFBC}") = "aula1", "aula1\aula1.csproj", "{724E177B-F312-4C89-A39C-42544D3DEE49}"
EndProject
Project("{FAE04EC0-301F-11D3-BF4B-00C04F79EFBC}") = "aula2", "aula2\aula2.csproj", "{DB747C86-9F18-4C23-A89B-96B62B1A5D33}"
EndProject
Project("{FAE04EC0-301F-11D3-BF4B-00C04F79EFBC}") = "aula3", "aula3\aula3.csproj", "{FCFB870C-CD1D-4749-BBF0-29D5CE095CD1}"
EndProject
Project("{FAE04EC0-301F-11D3-BF4B-00C04F79EFBC}") = "aula4", "aula4\aula4.csproj", "{F4F68BB8-DE20-466D-A643-8125E0665694}"
EndProject
Project("{FAE04EC0-301F-11D3-BF4B-00C04F79EFBC}") = "aula5", "aula5\aula5.csproj", "{7ADD5D76-D232-4763-9EE6-97367FCA371A}"
EndProject
Project("{FAE04EC0-301F-11D3-BF4B-00C04F79EFBC}") = "aula6", "aula6\aula6.csproj", "{BEC43D47-8754-41BB-B8E2-3CED9B61049B}"
EndProject
Project("{FAE04EC0-301F-11D3-BF4B-00C04F79EFBC}") = "aula7", "aula7\aula7.csproj", "{D036E378-71D9-4518-894F-D00EAF913601}"
EndProject
Project("{FAE04EC0-301F-11D3-BF4B-00C04F79EFBC}") = "aula8", "aula8\aula8.csproj", "{8AD02208-CE12-4230-8D6F-54DBA7E5CAEF}"
EndProject
Project("{FAE04EC0-301F-11D3-BF4B-00C04F79EFBC}") = "aula9", "aula9\aula9.csproj", "{25FB7472-53B6-4E47-BA59-7E644F2F3AD5}"
EndProject
Project("{FAE04EC0-301F-11D3-BF4B-00C04F79EFBC}") = "aula10", "aula10\aula10.csproj", "{2C84FC94-33EF-43F8-9AA4-BA94FE9E20BD}"
EndProject
Project("{FAE04EC0-301F-11D3-BF4B-00C04F79EFBC}") = "aula11", "aula11\aula11.csproj", "{2895D822-C6FF-4C72-8B7A-F92E03D924B9}"
EndProject
Project("{FAE04EC0-301F-11D3-BF4B-00C04F79EFBC}") = "aula12", "aula12\aula12.csproj", "{AFA38DCE-65FF-41E6-84C0-A188C309ED87}"
EndProject
Project("{FAE04EC0-301F-11D3-BF4B-00C04F79EFBC}") = "aula14", "aula14\aula14.csproj", "{5191D765-727A-4939-BACB-0716B149E900}"
EndProject
Project("{FAE04EC0-301F-11D3-BF4B-00C04F79EFBC}") = "aula15", "aula15\aula15.csproj", "{09A19369-ED4F-4BBC-B826-C472DA22FBC8}"
EndProject
Project("{FAE04EC0-301F-11D3-BF4B-00C04F79EFBC}") = "aula16", "aula16\aula16.csproj", "{308DBBD6-8DB9-4E9E-8C28-04B814E2C405}"
EndProject
Project("{FAE04EC0-301F-11D3-BF4B-00C04F79EFBC}") = "aula17", "aula17\aula17.csproj", "{44BBE904-2140-4483-9A76-796589B485D8}"
EndProject
Global
	GlobalSection(SolutionConfigurationPlatforms) = preSolution
		Debug|Any CPU = Debug|Any CPU
		Debug|x64 = Debug|x64
		Debug|x86 = Debug|x86
		Release|Any CPU = Release|Any CPU
		Release|x64 = Release|x64
		Release|x86 = Release|x86
	EndGlobalSection
	GlobalSection(ProjectConfigurationPlatforms) = postSolution
		{724E177B-F312-4C89-A39C-42544D3DEE49}.Debug|Any CPU.ActiveCfg = Debug|Any CPU
		{724E177B-F312-4C89-A39C-42544D3DEE49}.Debug|Any CPU.Build.0 = Debug|Any CPU
		{724E177B-F312-4C89-A39C-42544D3DEE49}.Debug|x64.ActiveCfg = Debug|Any CPU
		{724E177B-F312-4C89-A39C-42544D3DEE49}.Debug|x64.Build.0 = Debug|Any CPU
		{724E177B-F312-4C89-A39C-42544D3DEE49}.Debug|x86.ActiveCfg = Debug|Any CPU
		{724E177B-F312-4C89-A39C-42544D3DEE49}.Debug|x86.Build.0 = Debug|Any CPU
		{724E177B-F312-4C89-A39C-42544D3DEE49}.Release|Any CPU.ActiveCfg = Release|Any CPU
		{724E177B-F312-4C89-A39C-42544D3DEE49}.Release|Any CPU.Build.0 = Release|Any CPU
		{724E177B-F312-4C89-A39C-42544D3DEE49}.Release|x64.ActiveCfg = Release|Any CPU
		{724E177B-F312-4C89-A39C-42544D3DEE49}.Release|x64.Build.0 = Release|Any CPU
		{724E177B-F312-4C89-A39C-42544D3DEE49}.Release|x86.ActiveCfg = Release|Any CPU
		{724E177B-F312-4C89-A39C-42544D3DEE49}.Release|x86.Build.0 = Release|Any CPU
		{DB747C86-9F18-4C23-A89B-96B62B1A5D33}.Debug|Any CPU.ActiveCfg = Debug|Any CPU
		{DB747C86-9F18-4C23-A89B-96B62B1A5D33}.Debug|Any CPU.Build.0 = Debug|Any CPU
		{DB747C86-9F18-4C23-A89B-96B62B1A5D33}.Debug|x64.ActiveCfg = Debug|Any CPU
		{DB747C86-9F18-4C23-A89B-96B62B1A5D33}.Debug|x64.Build.0 = Debug|Any CPU
		{DB747C86-9F18-4C23-A89B-96B62B1A5D33}.Debug|x86.ActiveCfg = Debug|Any CPU
		{DB747C86-9F18-4C23-A89B-96B62B1A5D33}.Debug|x86.Build.0 = Debug|Any CPU
		{DB747C86-9F18-4C23-A89B-96B62B1A5D33}.Release|Any CPU.ActiveCfg = Release|Any CPU
		{DB747C86-9F18-4C23-A89B-96B62B1A5D33}.Release|Any CPU.Build.0 = Release|Any CPU
		{DB747C86-9F18-4C23-A89B-96B62B1A5D33}.Release|x64.ActiveCfg = Release|Any CPU
		{DB747C86-9F18-4C23-A89B-96B62B1A5D33}.Release|x64.Build.0 = Release|Any CPU
		{DB747C86-9F18-4C23-A89B-96B62B1A5D33}.Release|x86.ActiveCfg = Release|Any CPU
		{DB747C86-9F18-4C23-A89B-96B62B1A5D33}.Release|x86.Build.0 = Release|Any CPU
		{FCFB870C-CD1D-4749-BBF0-29D5CE095CD1}.Debug|Any CPU.ActiveCfg = Debug|Any CPU
		{FCFB870C-CD1D-4749-BBF0-29D5CE095CD1}.Debug|Any CPU.Build.0 = Debug|Any CPU
		{FCFB870C-CD1D-4749-BBF0-29D5CE095CD1}.Debug|x64.ActiveCfg = Debug|Any CPU
		{FCFB870C-CD1D-4749-BBF0-29D5CE095CD1}.Debug|x64.Build.0 = Debug|Any CPU
		{FCFB870C-CD1D-4749-BBF0-29D5CE095CD1}.Debug|x86.ActiveCfg = Debug|Any CPU
		{FCFB870C-CD1D-4749-BBF0-29D5CE095CD1}.Debug|x86.Build.0 = Debug|Any CPU
		{FCFB870C-CD1D-4749-BBF0-29D5CE095CD1}.Release|Any CPU.ActiveCfg = Release|Any CPU
		{FCFB870C-CD1D-4749-BBF0-29D5CE095CD1}.Release|Any CPU.Build.0 = Release|Any CPU
		{FCFB870C-CD1D-4749-BBF0-29D5CE095CD1}.Release|x64.ActiveCfg = Release|Any CPU
		{FCFB870C-CD1D-4749-BBF0-29D5CE095CD1}.Release|x64.Build.0 = Release|Any CPU
		{FCFB870C-CD1D-4749-BBF0-29D5CE095CD1}.Release|x86.ActiveCfg = Release|Any CPU
		{FCFB870C-CD1D-4749-BBF0-29D5CE095CD1}.Release|x86.Build.0 = Release|Any CPU
		{F4F68BB8-DE20-466D-A643-8125E0665694}.Debug|Any CPU.ActiveCfg = Debug|Any CPU
		{F4F68BB8-DE20-466D-A643-8125E0665694}.Debug|Any CPU.Build.0 = Debug|Any CPU
		{F4F68BB8-DE20-466D-A643-8125E0665694}.Debug|x64.ActiveCfg = Debug|Any CPU
		{F4F68BB8-DE20-466D-A643-8125E0665694}.Debug|x64.Build.0 = Debug|Any CPU
		{F4F68BB8-DE20-466D-A643-8125E0665694}.Debug|x86.ActiveCfg = Debug|Any CPU
		{F4F68BB8-DE20-466D-A643-8125E0665694}.Debug|x86.Build.0 = Debug|Any CPU
		{F4F68BB8-DE20-466D-A643-8125E0665694}.Release|Any CPU.ActiveCfg = Release|Any CPU
		{F4F68BB8-DE20-466D-A643-8125E0665694}.Release|Any CPU.Build.0 = Release|Any CPU
		{F4F68BB8-DE20-466D-A643-8125E0665694}.Release|x64.ActiveCfg = Release|Any CPU
		{F4F68BB8-DE20-466D-A643-8125E0665694}.Release|x64.Build.0 = Release|Any CPU
		{F4F68BB8-DE20-466D-A643-8125E0665694}.Release|x86.ActiveCfg = Release|Any CPU
		{F4F68BB8-DE20-466D-A643-8125E0665694}.Release|x86.Build.0 = Release|Any CPU
		{7ADD5D76-D232-4763-9EE6-97367FCA371A}.Debug|Any CPU.ActiveCfg = Debug|Any CPU
		{7ADD5D76-D232-4763-9EE6-97367FCA371A}.Debug|Any CPU.Build.0 = Debug|Any CPU
		{7ADD5D76-D232-4763-9EE6-97367FCA371A}.Debug|x64.ActiveCfg = Debug|Any CPU
		{7ADD5D76-D232-4763-9EE6-97367FCA371A}.Debug|x64.Build.0 = Debug|Any CPU
		{7ADD5D76-D232-4763-9EE6-97367FCA371A}.Debug|x86.ActiveCfg = Debug|Any CPU
		{7ADD5D76-D232-4763-9EE6-97367FCA371A}.Debug|x86.Build.0 = Debug|Any CPU
		{7ADD5D76-D232-4763-9EE6-97367FCA371A}.Release|Any CPU.ActiveCfg = Release|Any CPU
		{7ADD5D76-D232-4763-9EE6-97367FCA371A}.Release|Any CPU.Build.0 = Release|Any CPU
		{7ADD5D76-D232-4763-9EE6-97367FCA371A}.Release|x64.ActiveCfg = Release|Any CPU
		{7ADD5D76-D232-4763-9EE6-97367FCA371A}.Release|x64.Build.0 = Release|Any CPU
		{7ADD5D76-D232-4763-9EE6-97367FCA371A}.Release|x86.ActiveCfg = Release|Any CPU
		{7ADD5D76-D232-4763-9EE6-97367FCA371A}.Release|x86.Build.0 = Release|Any CPU
		{BEC43D47-8754-41BB-B8E2-3CED9B61049B}.Debug|Any CPU.ActiveCfg = Debug|Any CPU
		{BEC43D47-8754-41BB-B8E2-3CED9B61049B}.Debug|Any CPU.Build.0 = Debug|Any CPU
		{BEC43D47-8754-41BB-B8E2-3CED9B61049B}.Debug|x64.ActiveCfg = Debug|Any CPU
		{BEC43D47-8754-41BB-B8E2-3CED9B61049B}.Debug|x64.Build.0 = Debug|Any CPU
		{BEC43D47-8754-41BB-B8E2-3CED9B61049B}.Debug|x86.ActiveCfg = Debug|Any CPU
		{BEC43D47-8754-41BB-B8E2-3CED9B61049B}.Debug|x86.Build.0 = Debug|Any CPU
		{BEC43D47-8754-41BB-B8E2-3CED9B61049B}.Release|Any CPU.ActiveCfg = Release|Any CPU
		{BEC43D47-8754-41BB-B8E2-3CED9B61049B}.Release|Any CPU.Build.0 = Release|Any CPU
		{BEC43D47-8754-41BB-B8E2-3CED9B61049B}.Release|x64.ActiveCfg = Release|Any CPU
		{BEC43D47-8754-41BB-B8E2-3CED9B61049B}.Release|x64.Build.0 = Release|Any CPU
		{BEC43D47-8754-41BB-B8E2-3CED9B61049B}.Release|x86.ActiveCfg = Release|Any CPU
		{BEC43D47-8754-41BB-B8E2-3CED9B61049B}.Release|x86.Build.0 = Release|Any CPU
		{D036E378-71D9-4518-894F-D00EAF913601}.Debug|Any CPU.ActiveCfg = Debug|Any CPU
		{D036E378-71D9-4518-894F-D00EAF913601}.Debug|Any CPU.Build.0 = Debug|Any CPU
		{D036E378-71D9-4518-894F-D00EAF913601}.Debug|x64.ActiveCfg = Debug|Any CPU
		{D036E378-71D9-4518-894F-D00EAF913601}.Debug|x64.Build.0 = Debug|Any CPU
		{D036E378-71D9-4518-894F-D00EAF913601}.Debug|x86.ActiveCfg = Debug|Any CPU
		{D036E378-71D9-4518-894F-D00EAF913601}.Debug|x86.Build.0 = Debug|Any CPU
		{D036E378-71D9-4518-894F-D00EAF913601}.Release|Any CPU.ActiveCfg = Release|Any CPU
		{D036E378-71D9-4518-894F-D00EAF913601}.Release|Any CPU.Build.0 = Release|Any CPU
		{D036E378-71D9-4518-894F-D00EAF913601}.Release|x64.ActiveCfg = Release|Any CPU
		{D036E378-71D9-4518-894F-D00EAF913601}.Release|x64.Build.0 = Release|Any CPU
		{D036E378-71D9-4518-894F-D00EAF913601}.Release|x86.ActiveCfg = Release|Any CPU
		{D036E378-71D9-4518-894F-D00EAF913601}.Release|x86.Build.0 = Release|Any CPU
		{8AD02208-CE12-4230-8D6F-54DBA7E5CAEF}.Debug|Any CPU.ActiveCfg = Debug|Any CPU
		{8AD02208-CE12-4230-8D6F-54DBA7E5CAEF}.Debug|Any CPU.Build.0 = Debug|Any CPU
		{8AD02208-CE12-4230-8D6F-54DBA7E5CAEF}.Debug|x64.ActiveCfg = Debug|Any CPU
		{8AD02208-CE12-4230-8D6F-54DBA7E5CAEF}.Debug|x64.Build.0 = Debug|Any CPU
		{8AD02208-CE12-4230-8D6F-54DBA7E5CAEF}.Debug|x86.ActiveCfg = Debug|Any CPU
		{8AD02208-CE12-4230-8D6F-54DBA7E5CAEF}.Debug|x86.Build.0 = Debug|Any CPU
		{8AD02208-CE12-4230-8D6F-54DBA7E5CAEF}.Release|Any CPU.ActiveCfg = Release|Any CPU
		{8AD02208-CE12-4230-8D6F-54DBA7E5CAEF}.Release|Any CPU.Build.0 = Release|Any CPU
		{8AD02208-CE12-4230-8D6F-54DBA7E5CAEF}.Release|x64.ActiveCfg = Release|Any CPU
		{8AD02208-CE12-4230-8D6F-54DBA7E5CAEF}.Release|x64.Build.0 = Release|Any CPU
		{8AD02208-CE12-4230-8D6F-54DBA7E5CAEF}.Release|x86.ActiveCfg = Release|Any CPU
		{8AD02208-CE12-4230-8D6F-54DBA7E5CAEF}.Release|x86.Build.0 = Release|Any CPU
		{25FB7472-53B6-4E47-BA59-7E644F2F3AD5}.Debug|Any CPU.ActiveCfg = Debug|Any CPU
		{25FB7472-53B6-4E47-BA59-7E644F2F3AD5}.Debug|Any CPU.Build.0 = Debug|Any CPU
		{25FB7472-53B6-4E47-BA59-7E644F2F3AD5}.Debug|x64.ActiveCfg = Debug|Any CPU
		{25FB7472-53B6-4E47-BA59-7E644F2F3AD5}.Debug|x64.Build.0 = Debug|Any CPU
		{25FB7472-53B6-4E47-BA59-7E644F2F3AD5}.Debug|x86.ActiveCfg = Debug|Any CPU
		{25FB7472-53B6-4E47-BA59-7E644F2F3AD5}.Debug|x86.Build.0 = Debug|Any CPU
		{25FB7472-53B6-4E47-BA59-7E644F2F3AD5}.Release|Any CPU.ActiveCfg = Release|Any CPU
		{25FB7472-53B6-4E47-BA59-7E644F2F3AD5}.Release|Any CPU.Build.0 = Release|Any CPU
		{25FB7472-53B6-4E47-BA59-7E644F2F3AD5}.Release|x64.ActiveCfg = Release|Any CPU
		{25FB7472-53B6-4E47-BA59-7E644F2F3AD5}.Release|x64.Build.0 = Release|Any CPU
		{25FB7472-53B6-4E47-BA59-7E644F2F3AD5}.Release|x86.ActiveCfg = Release|Any CPU
		{25FB7472-53B6-4E47-BA59-7E644F2F3AD5}.Release|x86.Build.0 = Release|Any CPU
		{2C84FC94-33EF-43F8-9AA4-BA94FE9E20BD}.Debug|Any CPU.ActiveCfg = Debug|Any CPU
		{2C84FC94-33EF-43F8-9AA4-BA94FE9E20BD}.Debug|Any CPU.Build.0 = Debug|Any CPU
		{2C84FC94-33EF-43F8-9AA4-BA94FE9E20BD}.Debug|x64.ActiveCfg = Debug|Any CPU
		{2C84FC94-33EF-43F8-9AA4-BA94FE9E20BD}.Debug|x64.Build.0 = Debug|Any CPU
		{2C84FC94-33EF-43F8-9AA4-BA94FE9E20BD}.Debug|x86.ActiveCfg = Debug|Any CPU
		{2C84FC94-33EF-43F8-9AA4-BA94FE9E20BD}.Debug|x86.Build.0 = Debug|Any CPU
		{2C84FC94-33EF-43F8-9AA4-BA94FE9E20BD}.Release|Any CPU.ActiveCfg = Release|Any CPU
		{2C84FC94-33EF-43F8-9AA4-BA94FE9E20BD}.Release|Any CPU.Build.0 = Release|Any CPU
		{2C84FC94-33EF-43F8-9AA4-BA94FE9E20BD}.Release|x64.ActiveCfg = Release|Any CPU
		{2C84FC94-33EF-43F8-9AA4-BA94FE9E20BD}.Release|x64.Build.0 = Release|Any CPU
		{2C84FC94-33EF-43F8-9AA4-BA94FE9E20BD}.Release|x86.ActiveCfg = Release|Any CPU
		{2C84FC94-33EF-43F8-9AA4-BA94FE9E20BD}.Release|x86.Build.0 = Release|Any CPU
		{2895D822-C6FF-4C72-8B7A-F92E03D924B9}.Debug|Any CPU.ActiveCfg = Debug|Any CPU
		{2895D822-C6FF-4C72-8B7A-F92E03D924B9}.Debug|Any CPU.Build.0 = Debug|Any CPU
		{2895D822-C6FF-4C72-8B7A-F92E03D924B9}.Debug|x64.ActiveCfg = Debug|Any CPU
		{2895D822-C6FF-4C72-8B7A-F92E03D924B9}.Debug|x64.Build.0 = Debug|Any CPU
		{2895D822-C6FF-4C72-8B7A-F92E03D924B9}.Debug|x86.ActiveCfg = Debug|Any CPU
		{2895D822-C6FF-4C72-8B7A-F92E03D924B9}.Debug|x86.Build.0 = Debug|Any CPU
		{2895D822-C6FF-4C72-8B7A-F92E03D924B9}.Release|Any CPU.ActiveCfg = Release|Any CPU
		{2895D822-C6FF-4C72-8B7A-F92E03D924B9}.Release|Any CPU.Build.0 = Release|Any CPU
		{2895D822-C6FF-4C72-8B7A-F92E03D924B9}.Release|x64.ActiveCfg = Release|Any CPU
		{2895D822-C6FF-4C72-8B7A-F92E03D924B9}.Release|x64.Build.0 = Release|Any CPU
		{2895D822-C6FF-4C72-8B7A-F92E03D924B9}.Release|x86.ActiveCfg = Release|Any CPU
		{2895D822-C6FF-4C72-8B7A-F92E03D924B9}.Release|x86.Build.0 = Release|Any CPU
		{AFA38DCE-65FF-41E6-84C0-A188C309ED87}.Debug|Any CPU.ActiveCfg = Debug|Any CPU
		{AFA38DCE-65FF-41E6-84C0-A188C309ED87}.Debug|Any CPU.Build.0 = Debug|Any CPU
		{AFA38DCE-65FF-41E6-84C0-A188C309ED87}.Debug|x64.ActiveCfg = Debug|Any CPU
		{AFA38DCE-65FF-41E6-84C0-A188C309ED87}.Debug|x64.Build.0 = Debug|Any CPU
		{AFA38DCE-65FF-41E6-84C0-A188C309ED87}.Debug|x86.ActiveCfg = Debug|Any CPU
		{AFA38DCE-65FF-41E6-84C0-A188C309ED87}.Debug|x86.Build.0 = Debug|Any CPU
		{AFA38DCE-65FF-41E6-84C0-A188C309ED87}.Release|Any CPU.ActiveCfg = Release|Any CPU
		{AFA38DCE-65FF-41E6-84C0-A188C309ED87}.Release|Any CPU.Build.0 = Release|Any CPU
		{AFA38DCE-65FF-41E6-84C0-A188C309ED87}.Release|x64.ActiveCfg = Release|Any CPU
		{AFA38DCE-65FF-41E6-84C0-A188C309ED87}.Release|x64.Build.0 = Release|Any CPU
		{AFA38DCE-65FF-41E6-84C0-A188C309ED87}.Release|x86.ActiveCfg = Release|Any CPU
		{AFA38DCE-65FF-41E6-84C0-A188C309ED87}.Release|x86.Build.0 = Release|Any CPU
		{5191D765-727A-4939-BACB-0716B149E900}.Debug|Any CPU.ActiveCfg = Debug|Any CPU
		{5191D765-727A-4939-BACB-0716B149E900}.Debug|Any CPU.Build.0 = Debug|Any CPU
		{5191D765-727A-4939-BACB-0716B149E900}.Debug|x64.ActiveCfg = Debug|Any CPU
		{5191D765-727A-4939-BACB-0716B149E900}.Debug|x64.Build.0 = Debug|Any CPU
		{5191D765-727A-4939-BACB-0716B149E900}.Debug|x86.ActiveCfg = Debug|Any CPU
		{5191D765-727A-4939-BACB-0716B149E900}.Debug|x86.Build.0 = Debug|Any CPU
		{5191D765-727A-4939-BACB-0716B149E900}.Release|Any CPU.ActiveCfg = Release|Any CPU
		{5191D765-727A-4939-BACB-0716B149E900}.Release|Any CPU.Build.0 = Release|Any CPU
		{5191D765-727A-4939-BACB-0716B149E900}.Release|x64.ActiveCfg = Release|Any CPU
		{5191D765-727A-4939-BACB-0716B149E900}.Release|x64.Build.0 = Release|Any CPU
		{5191D765-727A-4939-BACB-0716B149E900}.Release|x86.ActiveCfg = Release|Any CPU
		{5191D765-727A-4939-BACB-0716B149E900}.Release|x86.Build.0 = Release|Any CPU
		{09A19369-ED4F-4BBC-B826-C472DA22FBC8}.Debug|Any CPU.ActiveCfg = Debug|Any CPU
		{09A19369-ED4F-4BBC-B826-C472DA22FBC8}.Debug|Any CPU.Build.0 = Debug|Any CPU
		{09A19369-ED4F-4BBC-B826-C472DA22FBC8}.Debug|x64.ActiveCfg = Debug|Any CPU
		{09A19369-ED4F-4BBC-B826-C472DA22FBC8}.Debug|x64.Build.0 = Debug|Any CPU
		{09A19369-ED4F-4BBC-B826-C472DA22FBC8}.Debug|x86.ActiveCfg = Debug|Any CPU
		{09A19369-ED4F-4BBC-B826-C472DA22FBC8}.Debug|x86.Build.0 = Debug|Any CPU
		{09A19369-ED4F-4BBC-B826-C472DA22FBC8}.Release|Any CPU.ActiveCfg = Release|Any CPU
		{09A19369-ED4F-4BBC-B826-C472DA22FBC8}.Release|Any CPU.Build.0 = Release|Any CPU
		{09A19369-ED4F-4BBC-B826-C472DA22FBC8}.Release|x64.ActiveCfg = Release|Any CPU
		{09A19369-ED4F-4BBC-B826-C472DA22FBC8}.Release|x64.Build.0 = Release|Any CPU
		{09A19369-ED4F-4BBC-B826-C472DA22FBC8}.Release|x86.ActiveCfg = Release|Any CPU
		{09A19369-ED4F-4BBC-B826-C472DA22FBC8}.Release|x86.Build.0 = Release|Any CPU
		{308DBBD6-8DB9-4E9E-8C28-04B814E2C405}.Debug|Any CPU.ActiveCfg = Debug|Any CPU
		{308DBBD6-8DB9-4E9E-8C28-04B814E2C405}.Debug|Any CPU.Build.0 = Debug|Any CPU
		{308DBBD6-8DB9-4E9E-8C28-04B814E2C405}.Debug|x64.ActiveCfg = Debug|Any CPU
		{308DBBD6-8DB9-4E9E-8C28-04B814E2C405}.Debug|x64.Build.0 = Debug|Any CPU
		{308DBBD6-8DB9-4E9E-8C28-04B814E2C405}.Debug|x86.ActiveCfg = Debug|Any CPU
		{308DBBD6-8DB9-4E9E-8C28-04B814E2C405}.Debug|x86.Build.0 = Debug|Any CPU
		{308DBBD6-8DB9-4E9E-8C28-04B814E2C405}.Release|Any CPU.ActiveCfg = Release|Any CPU
		{308DBBD6-8DB9-4E9E-8C28-04B814E2C405}.Release|Any CPU.Build.0 = Release|Any CPU
		{308DBBD6-8DB9-4E9E-8C28-04B814E2C405}.Release|x64.ActiveCfg = Release|Any CPU
		{308DBBD6-8DB9-4E9E-8C28-04B814E2C405}.Release|x64.Build.0 = Release|Any CPU
		{308DBBD6-8DB9-4E9E-8C28-04B814E2C405}.Release|x86.ActiveCfg = Release|Any CPU
		{308DBBD6-8DB9-4E9E-8C28-04B814E2C405}.Release|x86.Build.0 = Release|Any CPU
		{44BBE904-2140-4483-9A76-796589B485D8}.Debug|Any CPU.ActiveCfg = Debug|Any CPU
		{44BBE904-2140-4483-9A76-796589B485D8}.Debug|Any CPU.Build.0 = Debug|Any CPU
		{44BBE904-2140-4483-9A76-796589B485D8}.Debug|x64.ActiveCfg = Debug|Any CPU
		{44BBE904-2140-4483-9A76-796589B485D8}.Debug|x64.Build.0 = Debug|Any CPU
		{44BBE904-2140-4483-9A76-796589B485D8}.Debug|x86.ActiveCfg = Debug|Any CPU
		{44BBE904-2140-4483-9A76-796589B485D8}.Debug|x86.Build.0 = Debug|Any CPU
		{44BBE904-2140-4483-9A76-796589B485D8}.Release|Any CPU.ActiveCfg = Release|Any CPU
		{44BBE904-2140-4483-9A76-796589B485D8}.Release|Any CPU.Build.0 = Release|Any CPU
		{44BBE904-2140-4483-9A76-796589B485D8}.Release|x64.ActiveCfg = Release|Any CPU
		{44BBE904-2140-4483-9A76-796589B485D8}.Release|x64.Build.0 = Release|Any CPU
		{44BBE904-2140-4483-9A76-796589B485D8}.Release|x86.ActiveCfg = Release|Any CPU
		{44BBE904-2140-4483-9A76-796589B485D8}.Release|x86.Build.0 = Release|Any CPU
	EndGlobalSection
	GlobalSection(SolutionProperties) = preSolution
		HideSolutionNode = FALSE
	EndGlobalSection
EndGlobal
